
Microsoft Visual Studio Solution File, Format Version 12.00
# Visual Studio Version 17
VisualStudioVersion = 17.4.33213.308
MinimumVisualStudioVersion = 10.0.40219.1
Project("{FAE04EC0-301F-11D3-BF4B-00C04F79EFBC}") = "Cargo", "Cargo.csproj", "{477199A8-BB1C-417A-95C2-1AAF0F0BE28A}"
EndProject
Global
	GlobalSection(SolutionConfigurationPlatforms) = preSolution
		Debug|Any CPU = Debug|Any CPU
		Release|Any CPU = Release|Any CPU
	EndGlobalSection
	GlobalSection(ProjectConfigurationPlatforms) = postSolution
		{477199A8-BB1C-417A-95C2-1AAF0F0BE28A}.Debug|Any CPU.ActiveCfg = Debug|Any CPU
		{477199A8-BB1C-417A-95C2-1AAF0F0BE28A}.Debug|Any CPU.Build.0 = Debug|Any CPU
		{477199A8-BB1C-417A-95C2-1AAF0F0BE28A}.Release|Any CPU.ActiveCfg = Release|Any CPU
		{477199A8-BB1C-417A-95C2-1AAF0F0BE28A}.Release|Any CPU.Build.0 = Release|Any CPU
	EndGlobalSection
	GlobalSection(SolutionProperties) = preSolution
		HideSolutionNode = FALSE
	EndGlobalSection
	GlobalSection(ExtensibilityGlobals) = postSolution
		SolutionGuid = {7F508E3B-D77E-44EC-BAB1-87FC94CAFD9F}
	EndGlobalSection
EndGlobal
